Microsoft Visual Studio Solution File, Format Version 11.00
# Visual Studio 2008

Project("{1B39DF9F-8FF2-AA0B-B354-021D31F3D2CD}") = "EECS494_Project1", "Assembly-CSharp.csproj", "{B5C4A134-527B-C5CB-4748-97817B21325B}"
EndProject
Global
	GlobalSection(SolutionConfigurationPlatforms) = preSolution
		Debug|Any CPU = Debug|Any CPU
		Release|Any CPU = Release|Any CPU
	EndGlobalSection
	GlobalSection(ProjectConfigurationPlatforms) = postSolution
		{B5C4A134-527B-C5CB-4748-97817B21325B}.Debug|Any CPU.ActiveCfg = Debug|Any CPU
		{B5C4A134-527B-C5CB-4748-97817B21325B}.Debug|Any CPU.Build.0 = Debug|Any CPU
		{B5C4A134-527B-C5CB-4748-97817B21325B}.Release|Any CPU.ActiveCfg = Release|Any CPU
		{B5C4A134-527B-C5CB-4748-97817B21325B}.Release|Any CPU.Build.0 = Release|Any CPU
	EndGlobalSection
	GlobalSection(SolutionProperties) = preSolution
		HideSolutionNode = FALSE
	EndGlobalSection
	GlobalSection(MonoDevelopProperties) = preSolution
		StartupItem = Assembly-CSharp.csproj
	EndGlobalSection
EndGlobal
